PODS:
  - AEXML (4.6.0)
  - BartyCrouch (3.13.0)
  - CwlCatchException (2.2.1):
    - CwlCatchExceptionSupport (~> 2.2.1)
  - CwlCatchExceptionSupport (2.2.1)
  - CwlMachBadInstructionHandler (2.2.2)
  - CwlPosixPreconditionTesting (2.2.2)
  - CwlPreconditionTesting (2.2.2):
    - CwlCatchException (~> 2.2.1)
    - CwlMachBadInstructionHandler (~> 2.2.2)
    - CwlPosixPreconditionTesting (~> 2.2.2)
  - LetsMove (1.25)
  - LoginServiceKit (2.5.0)
  - Nimble (13.8.0):
    - CwlPreconditionTesting (~> 2.2.0)
  - Quick (7.6.2)
  - RxCocoa (5.1.1):
    - RxRelay (~> 5)
    - RxSwift (~> 5)
  - RxRelay (5.1.1):
    - RxSwift (~> 5)
  - RxScreeen (2.0.0):
    - RxCocoa (~> 5.0)
    - RxSwift (~> 5.0)
    - Screeen (~> 2.0.1)
  - RxSwift (5.1.3)
  - Screeen (2.0.1)
  - SwiftGen (6.4.0)
  - SwiftHEXColors (1.4.1)
  - SwiftLint (0.40.3)

DEPENDENCIES:
  - AEXML
  - BartyCrouch (~> 3.0)
  - LetsMove
  - LoginServiceKit (from `https://github.com/Clipy/LoginServiceKit.git`)
  - Nimble (~> 13.0)
  - Quick (~> 7.0)
  - RxCocoa
  - RxScreeen
  - RxSwift
  - SwiftGen
  - SwiftHEXColors
  - SwiftLint

SPEC REPOS:
  trunk:
    - AEXML
    - BartyCrouch
    - CwlCatchException
    - CwlCatchExceptionSupport
    - CwlMachBadInstructionHandler
    - CwlPosixPreconditionTesting
    - CwlPreconditionTesting
    - LetsMove
    - Nimble
    - Quick
    - RxCocoa
    - RxRelay
    - RxScreeen
    - RxSwift
    - Screeen
    - SwiftGen
    - SwiftHEXColors
    - SwiftLint

EXTERNAL SOURCES:
  LoginServiceKit:
    :git: https://github.com/Clipy/LoginServiceKit.git

CHECKOUT OPTIONS:
  LoginServiceKit:
    :commit: 8fd8237c48c4c04bd25ef8bf073c6dd293d30a2c
    :git: https://github.com/Clipy/LoginServiceKit.git

SPEC CHECKSUMS:
  AEXML: 2fbb73d8724797ed2cde888731e176fa4d44dd83
  BartyCrouch: 69e5e6ec67e77951dc1c22aa48abbf05d175b81c
  CwlCatchException: 7acc161b299a6de7f0a46a6ed741eae2c8b4d75a
  CwlCatchExceptionSupport: 54ccab8d8c78907b57f99717fb19d4cc3bce02dc
  CwlMachBadInstructionHandler: dae4fdd124d45c9910ac240287cc7b898f4502a1
  CwlPosixPreconditionTesting: ecd095aa2129e740b44301c34571e8d85906fb88
  CwlPreconditionTesting: 67a0047dd4de4382b93442c0e3f25207f984f35a
  LetsMove: 7b9fe44737707d984fbd3f47af46609a9a07b461
  LoginServiceKit: 87c3d42ddb80d39ee8ea6b7a93f8c654ff58781b
  Nimble: 84982ec98b5dfc0ffe9ae2ed4c0b2fc57807c2d5
  Quick: b8bec97cd4b9f21da0472d45580f763b801fc353
  RxCocoa: 32065309a38d29b5b0db858819b5bf9ef038b601
  RxRelay: d77f7d771495f43c556cbc43eebd1bb54d01e8e9
  RxScreeen: e0806b8a4b747cde7100be4e09b6e133a6017cfd
  RxSwift: 915abbdfb62214aa89ccd0b194d44fb478019b27
  Screeen: e5c570d3df139b8d5d0e1ffd41094204787d9f1a
  SwiftGen: 67860cc7c3cfc2ed25b9b74cfd55495fc89f9108
  SwiftHEXColors: 1cb6e5d55c52749aa33db8f088ac55eb71ca4c7f
  SwiftLint: dfd554ff0dff17288ee574814ccdd5cea85d76f7

PODFILE CHECKSUM: 85fc3dd1e45acc36ab487137a78fdede389e6551

COCOAPODS: 1.16.2
