{
  "originHash" : "c4ecdc14168fae80eb3132797b9f7d4976140ed5285ab54c406247de46db20c1",
  "pins" : [
    {
      "identity" : "keyholder",
      "kind" : "remoteSourceControl",
      "location" : "https://github.com/Clipy/KeyHolder",
      "state" : {
        "revision" : "c9d33699c9cf6be84670f0cb832fcf94b755499a",
        "version" : "4.1.0"
      }
    },
    {
      "identity" : "magnet",
      "kind" : "remoteSourceControl",
      "location" : "https://github.com/Clipy/Magnet",
      "state" : {
        "revision" : "e719b5cae545a43e2965a3fbbdd42485c3a3abcb",
        "version" : "3.3.0"
      }
    },
    {
      "identity" : "pincache",
      "kind" : "remoteSourceControl",
      "location" : "https://github.com/pinterest/PINCache.git",
      "state" : {
        "revision" : "875c654984fb52b47ca65ae70d24852b0003ccd9",
        "version" : "3.0.3"
      }
    },
    {
      "identity" : "pinoperation",
      "kind" : "remoteSourceControl",
      "location" : "https://github.com/pinterest/PINOperation.git",
      "state" : {
        "revision" : "a74f978733bdaf982758bfa23d70a189f4b4c1b6",
        "version" : "1.2.3"
      }
    },
    {
      "identity" : "realm-core",
      "kind" : "remoteSourceControl",
      "location" : "https://github.com/realm/realm-core",
      "state" : {
        "revision" : "bab46acdca91c417a0d4849b8f4992a3c17e29a5",
        "version" : "10.5.5"
      }
    },
    {
      "identity" : "realm-swift",
      "kind" : "remoteSourceControl",
      "location" : "https://github.com/realm/realm-swift.git",
      "state" : {
        "revision" : "ae8e646590396dfc13c1abbf8aa2e48c43766dce",
        "version" : "10.7.2"
      }
    },
    {
      "identity" : "sauce",
      "kind" : "remoteSourceControl",
      "location" : "https://github.com/Clipy/Sauce",
      "state" : {
        "revision" : "2fcf7e43a242b183fdea3f2275ebec0d773b65f5",
        "version" : "2.2.0"
      }
    },
    {
      "identity" : "sparkle",
      "kind" : "remoteSourceControl",
      "location" : "https://github.com/sparkle-project/Sparkle",
      "state" : {
        "revision" : "c0933a516b420806e9216e71bd13ba76c54f0de6",
        "version" : "1.26.0"
      }
    }
  ],
  "version" : 3
}
